{
    "name": "lmsdk-eth-providers-ws",
    "version": "1.0.0",
    "lockfileVersion": 1,
    "requires": true,
    "dependencies": {
        "bn.js": {
            "version": "4.11.8",
            "resolved": "https://registry.npm.taobao.org/bn.js/download/bn.js-4.11.8.tgz",
            "integrity": "sha1-LN4J617jQfSEdGuwMJsyU7GxRC8="
        },
        "brorand": {
            "version": "1.1.0",
            "resolved": "https://registry.npm.taobao.org/brorand/download/brorand-1.1.0.tgz",
            "integrity": "sha1-EsJe/kCkXjwyPrhnWgoM5XsiNx8="
        },
        "buffer-to-arraybuffer": {
            "version": "0.0.5",
            "resolved": "https://registry.npm.taobao.org/buffer-to-arraybuffer/download/buffer-to-arraybuffer-0.0.5.tgz",
            "integrity": "sha1-YGSkD6dutDxyOrqe+PbhIW0QURo="
        },
        "d": {
            "version": "1.0.1",
            "resolved": "https://registry.npmjs.org/d/-/d-1.0.1.tgz",
            "integrity": "sha512-m62ShEObQ39CfralilEQRjH6oAMtNCV1xJyEx5LpRYUVN+EviphDgUc/F3hnYbADmkiNs67Y+3ylmlG7Lnu+FA==",
            "requires": {
                "es5-ext": "^0.10.50",
                "type": "^1.0.1"
            }
        },
        "debug": {
            "version": "2.6.9",
            "resolved": "https://registry.npmjs.org/debug/-/debug-2.6.9.tgz",
            "integrity": "sha512-bC7ElrdJaJnPbAP+1EotYvqZsb3ecl5wi6Bfi6BJTUcNowp6cvspg0jXznRTKDjm/E7AdgFBVeAPVMNcKGsHMA==",
            "requires": {
                "ms": "2.0.0"
            }
        },
        "decode-uri-component": {
            "version": "0.2.0",
            "resolved": "https://registry.npm.taobao.org/decode-uri-component/download/decode-uri-component-0.2.0.tgz",
            "integrity": "sha1-6zkTMzRYd1y4TNGh+uBiEGu4dUU="
        },
        "decompress-response": {
            "version": "3.3.0",
            "resolved": "https://registry.npm.taobao.org/decompress-response/download/decompress-response-3.3.0.tgz?cache=0&sync_timestamp=1589512178920&other_urls=https%3A%2F%2Fregistry.npm.taobao.org%2Fdecompress-response%2Fdownload%2Fdecompress-response-3.3.0.tgz",
            "integrity": "sha1-gKTdMjdIOEv6JICDYirt7Jgq3/M=",
            "requires": {
                "mimic-response": "^1.0.0"
            }
        },
        "dom-walk": {
            "version": "0.1.2",
            "resolved": "https://registry.npm.taobao.org/dom-walk/download/dom-walk-0.1.2.tgz?cache=0&sync_timestamp=1585903968629&other_urls=https%3A%2F%2Fregistry.npm.taobao.org%2Fdom-walk%2Fdownload%2Fdom-walk-0.1.2.tgz",
            "integrity": "sha1-DFSL7wSPTR8qlySQAiNgYNqj/YQ="
        },
        "elliptic": {
            "version": "6.5.3",
            "resolved": "https://registry.npmjs.org/elliptic/-/elliptic-6.5.3.tgz",
            "integrity": "sha512-IMqzv5wNQf+E6aHeIqATs0tOLeOTwj1QKbRcS3jBbYkl5oLAserA8yJTT7/VyHUYG91PRmPyeQDObKLPpeS4dw==",
            "requires": {
                "bn.js": "^4.4.0",
                "brorand": "^1.0.1",
                "hash.js": "^1.0.0",
                "hmac-drbg": "^1.0.0",
                "inherits": "^2.0.1",
                "minimalistic-assert": "^1.0.0",
                "minimalistic-crypto-utils": "^1.0.0"
            }
        },
        "es5-ext": {
            "version": "0.10.53",
            "resolved": "https://registry.npmjs.org/es5-ext/-/es5-ext-0.10.53.tgz",
            "integrity": "sha512-Xs2Stw6NiNHWypzRTY1MtaG/uJlwCk8kH81920ma8mvN8Xq1gsfhZvpkImLQArw8AHnv8MT2I45J3c0R8slE+Q==",
            "requires": {
                "es6-iterator": "~2.0.3",
                "es6-symbol": "~3.1.3",
                "next-tick": "~1.0.0"
            }
        },
        "es6-iterator": {
            "version": "2.0.3",
            "resolved": "https://registry.npmjs.org/es6-iterator/-/es6-iterator-2.0.3.tgz",
            "integrity": "sha1-p96IkUGgWpSwhUQDstCg+/qY87c=",
            "requires": {
                "d": "1",
                "es5-ext": "^0.10.35",
                "es6-symbol": "^3.1.1"
            }
        },
        "es6-symbol": {
            "version": "3.1.3",
            "resolved": "https://registry.npmjs.org/es6-symbol/-/es6-symbol-3.1.3.tgz",
            "integrity": "sha512-NJ6Yn3FuDinBaBRWl/q5X/s4koRHBrgKAu+yGI6JCBeiu3qrcbJhwT2GeR/EXVfylRk8dpQVJoLEFhK+Mu31NA==",
            "requires": {
                "d": "^1.0.1",
                "ext": "^1.1.2"
            }
        },
        "eth-lib": {
            "version": "0.2.7",
            "resolved": "https://registry.npm.taobao.org/eth-lib/download/eth-lib-0.2.7.tgz",
            "integrity": "sha1-L5Pxex4jrsN1nNSj/iDBKGo/wco=",
            "requires": {
                "bn.js": "^4.11.6",
                "elliptic": "^6.4.0",
                "xhr-request-promise": "^0.1.2"
            }
        },
        "ethjs-unit": {
            "version": "0.1.6",
            "resolved": "https://registry.npm.taobao.org/ethjs-unit/download/ethjs-unit-0.1.6.tgz",
            "integrity": "sha1-xmWSHkduh7ziqdWIpv4EBbLEFpk=",
            "requires": {
                "bn.js": "4.11.6",
                "number-to-bn": "1.7.0"
            },
            "dependencies": {
                "bn.js": {
                    "version": "4.11.6",
                    "resolved": "https://registry.npm.taobao.org/bn.js/download/bn.js-4.11.6.tgz",
                    "integrity": "sha1-UzRK2xRhehP26N0s4okF0cC6MhU="
                }
            }
        },
        "ext": {
            "version": "1.4.0",
            "resolved": "https://registry.npmjs.org/ext/-/ext-1.4.0.tgz",
            "integrity": "sha512-Key5NIsUxdqKg3vIsdw9dSuXpPCQ297y6wBjL30edxwPgt2E44WcWBZey/ZvUc6sERLTxKdyCu4gZFmUbk1Q7A==",
            "requires": {
                "type": "^2.0.0"
            },
            "dependencies": {
                "type": {
                    "version": "2.1.0",
                    "resolved": "https://registry.npmjs.org/type/-/type-2.1.0.tgz",
                    "integrity": "sha512-G9absDWvhAWCV2gmF1zKud3OyC61nZDwWvBL2DApaVFogI07CprggiQAOOjvp2NRjYWFzPyu7vwtDrQFq8jeSA=="
                }
            }
        },
        "global": {
            "version": "4.3.2",
            "resolved": "https://registry.npm.taobao.org/global/download/global-4.3.2.tgz",
            "integrity": "sha1-52mJJopsdMOJCLEwWxD8DjlOnQ8=",
            "requires": {
                "min-document": "^2.19.0",
                "process": "~0.5.1"
            }
        },
        "hash.js": {
            "version": "1.1.7",
            "resolved": "https://registry.npm.taobao.org/hash.js/download/hash.js-1.1.7.tgz",
            "integrity": "sha1-C6vKU46NTuSg+JiNaIZlN6ADz0I=",
            "requires": {
                "inherits": "^2.0.3",
                "minimalistic-assert": "^1.0.1"
            }
        },
        "hmac-drbg": {
            "version": "1.0.1",
            "resolved": "https://registry.npm.taobao.org/hmac-drbg/download/hmac-drbg-1.0.1.tgz",
            "integrity": "sha1-0nRXAQJabHdabFRXk+1QL8DGSaE=",
            "requires": {
                "hash.js": "^1.0.3",
                "minimalistic-assert": "^1.0.0",
                "minimalistic-crypto-utils": "^1.0.1"
            }
        },
        "inherits": {
            "version": "2.0.4",
            "resolved": "https://registry.npm.taobao.org/inherits/download/inherits-2.0.4.tgz",
            "integrity": "sha1-D6LGT5MpF8NDOg3tVTY6rjdBa3w="
        },
        "is-function": {
            "version": "1.0.2",
            "resolved": "https://registry.npm.taobao.org/is-function/download/is-function-1.0.2.tgz",
            "integrity": "sha1-Twl/MKv2762smDOxfKXcA/gUTgg="
        },
        "is-hex-prefixed": {
            "version": "1.0.0",
            "resolved": "https://registry.npm.taobao.org/is-hex-prefixed/download/is-hex-prefixed-1.0.0.tgz",
            "integrity": "sha1-fY035q135dEnFIkTxXPggtd39VQ="
        },
        "is-typedarray": {
            "version": "1.0.0",
            "resolved": "https://registry.npmjs.org/is-typedarray/-/is-typedarray-1.0.0.tgz",
            "integrity": "sha1-5HnICFjfDBsR3dppQPlgEfzaSpo="
        },
        "mimic-response": {
            "version": "1.0.1",
            "resolved": "https://registry.npm.taobao.org/mimic-response/download/mimic-response-1.0.1.tgz",
            "integrity": "sha1-SSNTiHju9CBjy4o+OweYeBSHqxs="
        },
        "min-document": {
            "version": "2.19.0",
            "resolved": "https://registry.npm.taobao.org/min-document/download/min-document-2.19.0.tgz",
            "integrity": "sha1-e9KC4/WELtKVu3SM3Z8f+iyCRoU=",
            "requires": {
                "dom-walk": "^0.1.0"
            }
        },
        "minimalistic-assert": {
            "version": "1.0.1",
            "resolved": "https://registry.npm.taobao.org/minimalistic-assert/download/minimalistic-assert-1.0.1.tgz",
            "integrity": "sha1-LhlN4ERibUoQ5/f7wAznPoPk1cc="
        },
        "minimalistic-crypto-utils": {
            "version": "1.0.1",
            "resolved": "https://registry.npm.taobao.org/minimalistic-crypto-utils/download/minimalistic-crypto-utils-1.0.1.tgz",
            "integrity": "sha1-9sAMHAsIIkblxNmd+4x8CDsrWCo="
        },
        "ms": {
            "version": "2.0.0",
            "resolved": "https://registry.npmjs.org/ms/-/ms-2.0.0.tgz",
            "integrity": "sha1-VgiurfwAvmwpAd9fmGF4jeDVl8g="
        },
        "nan": {
            "version": "2.14.2",
            "resolved": "https://registry.npmjs.org/nan/-/nan-2.14.2.tgz",
            "integrity": "sha512-M2ufzIiINKCuDfBSAUr1vWQ+vuVcA9kqx8JJUsbQi6yf1uGRyb7HfpdfUr5qLXf3B/t8dPvcjhKMmlfnP47EzQ=="
        },
        "next-tick": {
            "version": "1.0.0",
            "resolved": "https://registry.npmjs.org/next-tick/-/next-tick-1.0.0.tgz",
            "integrity": "sha1-yobR/ogoFpsBICCOPchCS524NCw="
        },
        "number-to-bn": {
            "version": "1.7.0",
            "resolved": "https://registry.npm.taobao.org/number-to-bn/download/number-to-bn-1.7.0.tgz",
            "integrity": "sha1-uzYjWS9+X54AMLGXe9QaDFP+HqA=",
            "requires": {
                "bn.js": "4.11.6",
                "strip-hex-prefix": "1.0.0"
            },
            "dependencies": {
                "bn.js": {
                    "version": "4.11.6",
                    "resolved": "https://registry.npm.taobao.org/bn.js/download/bn.js-4.11.6.tgz",
                    "integrity": "sha1-UzRK2xRhehP26N0s4okF0cC6MhU="
                }
            }
        },
        "object-assign": {
            "version": "4.1.1",
            "resolved": "https://registry.npm.taobao.org/object-assign/download/object-assign-4.1.1.tgz?cache=0&sync_timestamp=1571657171505&other_urls=https%3A%2F%2Fregistry.npm.taobao.org%2Fobject-assign%2Fdownload%2Fobject-assign-4.1.1.tgz",
            "integrity": "sha1-IQmtx5ZYh8/AXLvUQsrIv7s2CGM="
        },
        "once": {
            "version": "1.4.0",
            "resolved": "https://registry.npm.taobao.org/once/download/once-1.4.0.tgz",
            "integrity": "sha1-WDsap3WWHUsROsF9nFC6753Xa9E=",
            "requires": {
                "wrappy": "1"
            }
        },
        "parse-headers": {
            "version": "2.0.3",
            "resolved": "https://registry.npm.taobao.org/parse-headers/download/parse-headers-2.0.3.tgz",
            "integrity": "sha1-Xo51Ejg9FAugLwx6qfSbQ5nJJRU="
        },
        "process": {
            "version": "0.5.2",
            "resolved": "https://registry.npm.taobao.org/process/download/process-0.5.2.tgz",
            "integrity": "sha1-FjjYqONML0QKkduVq5rrZ3/Bhc8="
        },
        "query-string": {
            "version": "5.1.1",
            "resolved": "https://registry.npm.taobao.org/query-string/download/query-string-5.1.1.tgz",
            "integrity": "sha1-p4wBK3HBfgXy4/ojGd0zBoLvs8s=",
            "requires": {
                "decode-uri-component": "^0.2.0",
                "object-assign": "^4.1.0",
                "strict-uri-encode": "^1.0.0"
            }
        },
        "randomhex": {
            "version": "0.1.5",
            "resolved": "https://registry.npm.taobao.org/randomhex/download/randomhex-0.1.5.tgz",
            "integrity": "sha1-us7vmCMpCRQA8qKRLGzQLxCU9YU="
        },
        "simple-concat": {
            "version": "1.0.0",
            "resolved": "https://registry.npm.taobao.org/simple-concat/download/simple-concat-1.0.0.tgz",
            "integrity": "sha1-c0TLuLbib7J9ZrL8hvn21Zl1IcY="
        },
        "simple-get": {
            "version": "2.8.1",
            "resolved": "https://registry.npm.taobao.org/simple-get/download/simple-get-2.8.1.tgz",
            "integrity": "sha1-DiLpHUV12HYgYgvJEwjVenf0S10=",
            "requires": {
                "decompress-response": "^3.3.0",
                "once": "^1.3.1",
                "simple-concat": "^1.0.0"
            }
        },
        "strict-uri-encode": {
            "version": "1.1.0",
            "resolved": "https://registry.npm.taobao.org/strict-uri-encode/download/strict-uri-encode-1.1.0.tgz",
            "integrity": "sha1-J5siXfHVgrH1TmWt3UNS4Y+qBxM="
        },
        "strip-hex-prefix": {
            "version": "1.0.0",
            "resolved": "https://registry.npm.taobao.org/strip-hex-prefix/download/strip-hex-prefix-1.0.0.tgz",
            "integrity": "sha1-DF8VX+8RUTczd96du1iNoFUA428=",
            "requires": {
                "is-hex-prefixed": "1.0.0"
            }
        },
        "timed-out": {
            "version": "4.0.1",
            "resolved": "https://registry.npm.taobao.org/timed-out/download/timed-out-4.0.1.tgz",
            "integrity": "sha1-8y6srFoXW+ol1/q1Zas+2HQe9W8="
        },
        "type": {
            "version": "1.2.0",
            "resolved": "https://registry.npmjs.org/type/-/type-1.2.0.tgz",
            "integrity": "sha512-+5nt5AAniqsCnu2cEQQdpzCAh33kVx8n0VoFidKpB1dVVLAN/F+bgVOqOJqOnEnrhp222clB5p3vUlD+1QAnfg=="
        },
        "typedarray-to-buffer": {
            "version": "3.1.5",
            "resolved": "https://registry.npmjs.org/typedarray-to-buffer/-/typedarray-to-buffer-3.1.5.tgz",
            "integrity": "sha512-zdu8XMNEDepKKR+XYOXAVPtWui0ly0NtohUscw+UmaHiAWT8hrV1rr//H6V+0DvJ3OQ19S979M0laLfX8rm82Q==",
            "requires": {
                "is-typedarray": "^1.0.0"
            }
        },
        "underscore": {
            "version": "1.9.1",
            "resolved": "https://registry.npm.taobao.org/underscore/download/underscore-1.9.1.tgz?cache=0&sync_timestamp=1585603748606&other_urls=https%3A%2F%2Fregistry.npm.taobao.org%2Funderscore%2Fdownload%2Funderscore-1.9.1.tgz",
            "integrity": "sha1-BtzjSg5op7q8KbNluOdLiSUgOWE="
        },
        "url-set-query": {
            "version": "1.0.0",
            "resolved": "https://registry.npm.taobao.org/url-set-query/download/url-set-query-1.0.0.tgz",
            "integrity": "sha1-AW6M/Xwg7gXK/neV6JK9BwL6ozk="
        },
        "utf8": {
            "version": "3.0.0",
            "resolved": "https://registry.npm.taobao.org/utf8/download/utf8-3.0.0.tgz",
            "integrity": "sha1-8FLu0TZNaW52nvBYsYPfiMh/adE="
        },
        "web3-core-helpers": {
            "version": "1.2.1",
            "resolved": "https://registry.npm.taobao.org/web3-core-helpers/download/web3-core-helpers-1.2.1.tgz",
            "integrity": "sha1-9fMtccYKSjvRR4YRjmM858ptXQ0=",
            "requires": {
                "underscore": "1.9.1",
                "web3-eth-iban": "1.2.1",
                "web3-utils": "1.2.1"
            }
        },
        "web3-eth-iban": {
            "version": "1.2.1",
            "resolved": "https://registry.npm.taobao.org/web3-eth-iban/download/web3-eth-iban-1.2.1.tgz",
            "integrity": "sha1-LDgBcYlGvqJOkpaZOpdcgLWs+IA=",
            "requires": {
                "bn.js": "4.11.8",
                "web3-utils": "1.2.1"
            }
        },
        "web3-utils": {
            "version": "1.2.1",
            "resolved": "https://registry.npm.taobao.org/web3-utils/download/web3-utils-1.2.1.tgz",
            "integrity": "sha1-IUZuOCkVUd4Ks0VY3iFRKsQnRTQ=",
            "requires": {
                "bn.js": "4.11.8",
                "eth-lib": "0.2.7",
                "ethjs-unit": "0.1.6",
                "number-to-bn": "1.7.0",
                "randomhex": "0.1.5",
                "underscore": "1.9.1",
                "utf8": "3.0.0"
            }
        },
        "websocket": {
            "version": "github:web3-js/WebSocket-Node#905deb4812572b344f5801f8c9ce8bb02799d82e",
            "from": "github:web3-js/WebSocket-Node#polyfill/globalThis",
            "requires": {
                "debug": "^2.2.0",
                "es5-ext": "^0.10.50",
                "nan": "^2.14.0",
                "typedarray-to-buffer": "^3.1.5",
                "yaeti": "^0.0.6"
            }
        },
        "wrappy": {
            "version": "1.0.2",
            "resolved": "https://registry.npm.taobao.org/wrappy/download/wrappy-1.0.2.tgz",
            "integrity": "sha1-tSQ9jz7BqjXxNkYFvA0QNuMKtp8="
        },
        "xhr": {
            "version": "2.5.0",
            "resolved": "https://registry.npm.taobao.org/xhr/download/xhr-2.5.0.tgz",
            "integrity": "sha1-vtjRZ21co2EIZnaSt0sxbEluSd0=",
            "requires": {
                "global": "~4.3.0",
                "is-function": "^1.0.1",
                "parse-headers": "^2.0.0",
                "xtend": "^4.0.0"
            }
        },
        "xhr-request": {
            "version": "1.1.0",
            "resolved": "https://registry.npm.taobao.org/xhr-request/download/xhr-request-1.1.0.tgz",
            "integrity": "sha1-9KfBhoufGYcjRE2C3K4xdkPy4u0=",
            "requires": {
                "buffer-to-arraybuffer": "^0.0.5",
                "object-assign": "^4.1.1",
                "query-string": "^5.0.1",
                "simple-get": "^2.7.0",
                "timed-out": "^4.0.1",
                "url-set-query": "^1.0.0",
                "xhr": "^2.0.4"
            }
        },
        "xhr-request-promise": {
            "version": "0.1.3",
            "resolved": "https://registry.npm.taobao.org/xhr-request-promise/download/xhr-request-promise-0.1.3.tgz",
            "integrity": "sha1-LV9LFtjGyJO+l/GmKw7Uzzyl+Ww=",
            "requires": {
                "xhr-request": "^1.1.0"
            }
        },
        "xtend": {
            "version": "4.0.2",
            "resolved": "https://registry.npm.taobao.org/xtend/download/xtend-4.0.2.tgz",
            "integrity": "sha1-u3J3n1+kZRhrH0OPZ0+jR/2121Q="
        },
        "yaeti": {
            "version": "0.0.6",
            "resolved": "https://registry.npmjs.org/yaeti/-/yaeti-0.0.6.tgz",
            "integrity": "sha1-8m9ITXJoTPQr7ft2lwqhYI+/lXc="
        }
    }
}
